
Microsoft Visual Studio Solution File, Format Version 12.00
# Visual Studio Version 16
VisualStudioVersion = 16.0.29102.190
MinimumVisualStudioVersion = 10.0.40219.1
Project("{9A19103F-16F7-4668-BE54-9A1E7A4F7556}") = "NUnit Demonstration", "NUnit Demonstration.csproj", "{AC3FA4EB-35F7-411B-B45D-AAF0DA883E7B}"
EndProject
Global
	GlobalSection(SolutionConfigurationPlatforms) = preSolution
		Debug|Any CPU = Debug|Any CPU
		Release|Any CPU = Release|Any CPU
	EndGlobalSection
	GlobalSection(ProjectConfigurationPlatforms) = postSolution
		{AC3FA4EB-35F7-411B-B45D-AAF0DA883E7B}.Debug|Any CPU.ActiveCfg = Debug|Any CPU
		{AC3FA4EB-35F7-411B-B45D-AAF0DA883E7B}.Debug|Any CPU.Build.0 = Debug|Any CPU
		{AC3FA4EB-35F7-411B-B45D-AAF0DA883E7B}.Release|Any CPU.ActiveCfg = Release|Any CPU
		{AC3FA4EB-35F7-411B-B45D-AAF0DA883E7B}.Release|Any CPU.Build.0 = Release|Any CPU
	EndGlobalSection
	GlobalSection(SolutionProperties) = preSolution
		HideSolutionNode = FALSE
	EndGlobalSection
	GlobalSection(ExtensibilityGlobals) = postSolution
		SolutionGuid = {DE08F0A9-1BDB-4854-B1EA-8E5BC625D780}
	EndGlobalSection
EndGlobal
